{
    "_meta": {
        "hash": {
            "sha256": "c91b52c6680a9d11aa54c43a9cdec4b56a184645310c4fc18e33fc3fd29e152f"
        },
        "pipfile-spec": 6,
        "requires": {},
        "sources": [
            {
                "name": "pypi",
                "url": "https://pypi.python.org/simple",
                "verify_ssl": true
            }
        ]
    },
    "default": {
        "click": {
            "hashes": [
                "sha256:29f99fc6125fbc931b758dc053b3114e55c77a6e4c6c3a2674a2dc986016381d",
                "sha256:f15516df478d5a56180fbf80e68f206010e6d160fc39fa508b65e035fd75130b"
            ],
            "index": "pypi",
            "version": "==6.7"
        },
        "pytz": {
            "hashes": [
                "sha256:65ae0c8101309c45772196b21b74c46b2e5d11b6275c45d251b150d5da334555",
                "sha256:c06425302f2cf668f1bba7a0a03f3c1d34d4ebeef2c72003da308b3947c7f749"
            ],
            "index": "pypi",
            "version": "==2018.4"
        },
        "six": {
            "hashes": [
                "sha256:3350809f0555b11f552448330d0b52d5f24c91a322ea4a15ef22629740f3761c",
                "sha256:d16a0141ec1a18405cd4ce8b4613101da75da0e9a7aec5bdd4fa804d0e0eba73"
            ],
            "version": "==1.12.0"
        },
        "sqlalchemy": {
            "hashes": [
                "sha256:d6cda03b0187d6ed796ff70e87c9a7dce2c2c9650a7bc3c022cd331416853c31"
            ],
            "index": "pypi",
            "version": "==1.2.7"
        },
        "sqlalchemy-utils": {
            "hashes": [
                "sha256:4119204ff302906015516992b7481e5aabeeaa61c7b04329f9113e42c097b855"
            ],
            "index": "pypi",
            "version": "==0.33.3"
        },
        "tzlocal": {
            "hashes": [
                "sha256:4ebeb848845ac898da6519b9b31879cf13b6626f7184c496037b818e238f2c4e"
            ],
            "index": "pypi",
            "version": "==1.5.1"
        }
    },
    "develop": {
        "alabaster": {
            "hashes": [
                "sha256:446438bdcca0e05bd45ea2de1668c1d9b032e1a9154c2c259092d77031ddd359",
                "sha256:a661d72d58e6ea8a57f7a86e37d86716863ee5e92788398526d58b26a4e4dc02"
            ],
            "version": "==0.7.12"
        },
        "attrs": {
            "hashes": [
                "sha256:69c0dbf2ed392de1cb5ec704444b08a5ef81680a61cb899dc08127123af36a79",
                "sha256:f0b870f674851ecbfbbbd364d6b5cbdff9dcedbc7f3f5e18a6891057f21fe399"
            ],
            "version": "==19.1.0"
        },
        "babel": {
            "hashes": [
                "sha256:af92e6106cb7c55286b25b38ad7695f8b4efb36a90ba483d7f7a6628c46158ab",
                "sha256:e86135ae101e31e2c8ec20a4e0c5220f4eed12487d5cf3f78be7e98d3a57fc28"
            ],
            "version": "==2.7.0"
        },
        "backcall": {
            "hashes": [
                "sha256:38ecd85be2c1e78f77fd91700c76e14667dc21e2713b63876c0eb901196e01e4",
                "sha256:bbbf4b1e5cd2bdb08f915895b51081c041bac22394fdfcfdfbe9f14b77c08bf2"
            ],
            "version": "==0.1.0"
        },
        "certifi": {
            "hashes": [
                "sha256:046832c04d4e752f37383b628bc601a7ea7211496b4638f6514d0e5b9acc4939",
                "sha256:945e3ba63a0b9f577b1395204e13c3a231f9bc0223888be653286534e5873695"
            ],
            "version": "==2019.6.16"
        },
        "chardet": {
            "hashes": [
                "sha256:84ab92ed1c4d4f16916e05906b6b75a6c0fb5db821cc65e70cbd64a3e2a5eaae",
                "sha256:fc323ffcaeaed0e0a02bf4d117757b98aed530d9ed4531e3e15460124c106691"
            ],
            "version": "==3.0.4"
        },
        "coverage": {
            "hashes": [
                "sha256:08907593569fe59baca0bf152c43f3863201efb6113ecb38ce7e97ce339805a6",
                "sha256:0be0f1ed45fc0c185cfd4ecc19a1d6532d72f86a2bac9de7e24541febad72650",
                "sha256:141f08ed3c4b1847015e2cd62ec06d35e67a3ac185c26f7635f4406b90afa9c5",
                "sha256:19e4df788a0581238e9390c85a7a09af39c7b539b29f25c89209e6c3e371270d",
                "sha256:23cc09ed395b03424d1ae30dcc292615c1372bfba7141eb85e11e50efaa6b351",
                "sha256:245388cda02af78276b479f299bbf3783ef0a6a6273037d7c60dc73b8d8d7755",
                "sha256:331cb5115673a20fb131dadd22f5bcaf7677ef758741312bee4937d71a14b2ef",
                "sha256:386e2e4090f0bc5df274e720105c342263423e77ee8826002dcffe0c9533dbca",
                "sha256:3a794ce50daee01c74a494919d5ebdc23d58873747fa0e288318728533a3e1ca",
                "sha256:60851187677b24c6085248f0a0b9b98d49cba7ecc7ec60ba6b9d2e5574ac1ee9",
                "sha256:63a9a5fc43b58735f65ed63d2cf43508f462dc49857da70b8980ad78d41d52fc",
                "sha256:6b62544bb68106e3f00b21c8930e83e584fdca005d4fffd29bb39fb3ffa03cb5",
                "sha256:6ba744056423ef8d450cf627289166da65903885272055fb4b5e113137cfa14f",
                "sha256:7494b0b0274c5072bddbfd5b4a6c6f18fbbe1ab1d22a41e99cd2d00c8f96ecfe",
                "sha256:826f32b9547c8091679ff292a82aca9c7b9650f9fda3e2ca6bf2ac905b7ce888",
                "sha256:93715dffbcd0678057f947f496484e906bf9509f5c1c38fc9ba3922893cda5f5",
                "sha256:9a334d6c83dfeadae576b4d633a71620d40d1c379129d587faa42ee3e2a85cce",
                "sha256:af7ed8a8aa6957aac47b4268631fa1df984643f07ef00acd374e456364b373f5",
                "sha256:bf0a7aed7f5521c7ca67febd57db473af4762b9622254291fbcbb8cd0ba5e33e",
                "sha256:bf1ef9eb901113a9805287e090452c05547578eaab1b62e4ad456fcc049a9b7e",
                "sha256:c0afd27bc0e307a1ffc04ca5ec010a290e49e3afbe841c5cafc5c5a80ecd81c9",
                "sha256:dd579709a87092c6dbee09d1b7cfa81831040705ffa12a1b248935274aee0437",
                "sha256:df6712284b2e44a065097846488f66840445eb987eb81b3cc6e4149e7b6982e1",
                "sha256:e07d9f1a23e9e93ab5c62902833bf3e4b1f65502927379148b6622686223125c",
                "sha256:e2ede7c1d45e65e209d6093b762e98e8318ddeff95317d07a27a2140b80cfd24",
                "sha256:e4ef9c164eb55123c62411f5936b5c2e521b12356037b6e1c2617cef45523d47",
                "sha256:eca2b7343524e7ba246cab8ff00cab47a2d6d54ada3b02772e908a45675722e2",
                "sha256:eee64c616adeff7db37cc37da4180a3a5b6177f5c46b187894e633f088fb5b28",
                "sha256:ef824cad1f980d27f26166f86856efe11eff9912c4fed97d3804820d43fa550c",
                "sha256:efc89291bd5a08855829a3c522df16d856455297cf35ae827a37edac45f466a7",
                "sha256:fa964bae817babece5aa2e8c1af841bebb6d0b9add8e637548809d040443fee0",
                "sha256:ff37757e068ae606659c28c3bd0d923f9d29a85de79bf25b2b34b148473b5025"
            ],
            "version": "==4.5.4"
        },
        "decorator": {
            "hashes": [
                "sha256:86156361c50488b84a3f148056ea716ca587df2f0de1d34750d35c21312725de",
                "sha256:f069f3a01830ca754ba5258fde2278454a0b5b79e0d7f5c13b3b97e57d4acff6"
            ],
            "version": "==4.4.0"
        },
        "docutils": {
            "hashes": [
                "sha256:6c4f696463b79f1fb8ba0c594b63840ebd41f059e92b31957c46b74a4599b6d0",
                "sha256:9e4d7ecfc600058e07ba661411a2b7de2fd0fafa17d1a7f7361cd47b1175c827",
                "sha256:a2aeea129088da402665e92e0b25b04b073c04b2dce4ab65caaa38b7ce2e1a99"
            ],
            "version": "==0.15.2"
        },
        "idna": {
            "hashes": [
                "sha256:156a6814fb5ac1fc6850fb002e0852d56c0c8d2531923a51032d1b70760e186e",
                "sha256:684a38a6f903c1d71d6d5fac066b58d7768af4de2b832e426ec79c30daa94a16"
            ],
            "version": "==2.7"
        },
        "imagesize": {
            "hashes": [
                "sha256:3f349de3eb99145973fefb7dbe38554414e5c30abd0c8e4b970a7c9d09f3a1d8",
                "sha256:f3832918bc3c66617f92e35f5d70729187676313caa60c187eb0f28b8fe5e3b5"
            ],
            "version": "==1.1.0"
        },
        "ipython": {
            "hashes": [
                "sha256:85882f97d75122ff8cdfe129215a408085a26039527110c8d4a2b8a5e45b7639",
                "sha256:a6ac981381b3f5f604b37a293369963485200e3639fb0404fa76092383c10c41"
            ],
            "index": "pypi",
            "version": "==6.3.1"
        },
        "ipython-genutils": {
            "hashes": [
                "sha256:72dd37233799e619666c9f639a9da83c34013a73e8bbc79a7a6348d93c61fab8",
                "sha256:eb2e116e75ecef9d4d228fdc66af54269afa26ab4463042e33785b887c628ba8"
            ],
            "version": "==0.2.0"
        },
        "jedi": {
            "hashes": [
                "sha256:786b6c3d80e2f06fd77162a07fed81b8baa22dde5d62896a790a331d6ac21a27",
                "sha256:ba859c74fa3c966a22f2aeebe1b74ee27e2a462f56d3f5f7ca4a59af61bfe42e"
            ],
            "version": "==0.15.1"
        },
        "jinja2": {
            "hashes": [
                "sha256:065c4f02ebe7f7cf559e49ee5a95fb800a9e4528727aec6f24402a5374c65013",
                "sha256:14dd6caf1527abb21f08f86c784eac40853ba93edb79552aa1e4b8aef1b61c7b"
            ],
            "version": "==2.10.1"
        },
        "markupsafe": {
            "hashes": [
                "sha256:00bc623926325b26bb9605ae9eae8a215691f33cae5df11ca5424f06f2d1f473",
                "sha256:09027a7803a62ca78792ad89403b1b7a73a01c8cb65909cd876f7fcebd79b161",
                "sha256:09c4b7f37d6c648cb13f9230d847adf22f8171b1ccc4d5682398e77f40309235",
                "sha256:1027c282dad077d0bae18be6794e6b6b8c91d58ed8a8d89a89d59693b9131db5",
                "sha256:24982cc2533820871eba85ba648cd53d8623687ff11cbb805be4ff7b4c971aff",
                "sha256:29872e92839765e546828bb7754a68c418d927cd064fd4708fab9fe9c8bb116b",
                "sha256:43a55c2930bbc139570ac2452adf3d70cdbb3cfe5912c71cdce1c2c6bbd9c5d1",
                "sha256:46c99d2de99945ec5cb54f23c8cd5689f6d7177305ebff350a58ce5f8de1669e",
                "sha256:500d4957e52ddc3351cabf489e79c91c17f6e0899158447047588650b5e69183",
                "sha256:535f6fc4d397c1563d08b88e485c3496cf5784e927af890fb3c3aac7f933ec66",
                "sha256:62fe6c95e3ec8a7fad637b7f3d372c15ec1caa01ab47926cfdf7a75b40e0eac1",
                "sha256:6dd73240d2af64df90aa7c4e7481e23825ea70af4b4922f8ede5b9e35f78a3b1",
                "sha256:717ba8fe3ae9cc0006d7c451f0bb265ee07739daf76355d06366154ee68d221e",
                "sha256:79855e1c5b8da654cf486b830bd42c06e8780cea587384cf6545b7d9ac013a0b",
                "sha256:7c1699dfe0cf8ff607dbdcc1e9b9af1755371f92a68f706051cc8c37d447c905",
                "sha256:88e5fcfb52ee7b911e8bb6d6aa2fd21fbecc674eadd44118a9cc3863f938e735",
                "sha256:8defac2f2ccd6805ebf65f5eeb132adcf2ab57aa11fdf4c0dd5169a004710e7d",
                "sha256:98c7086708b163d425c67c7a91bad6e466bb99d797aa64f965e9d25c12111a5e",
                "sha256:9add70b36c5666a2ed02b43b335fe19002ee5235efd4b8a89bfcf9005bebac0d",
                "sha256:9bf40443012702a1d2070043cb6291650a0841ece432556f784f004937f0f32c",
                "sha256:ade5e387d2ad0d7ebf59146cc00c8044acbd863725f887353a10df825fc8ae21",
                "sha256:b00c1de48212e4cc9603895652c5c410df699856a2853135b3967591e4beebc2",
                "sha256:b1282f8c00509d99fef04d8ba936b156d419be841854fe901d8ae224c59f0be5",
                "sha256:b2051432115498d3562c084a49bba65d97cf251f5a331c64a12ee7e04dacc51b",
                "sha256:ba59edeaa2fc6114428f1637ffff42da1e311e29382d81b339c1817d37ec93c6",
                "sha256:c8716a48d94b06bb3b2524c2b77e055fb313aeb4ea620c8dd03a105574ba704f",
                "sha256:cd5df75523866410809ca100dc9681e301e3c27567cf498077e8551b6d20e42f",
                "sha256:e249096428b3ae81b08327a63a485ad0878de3fb939049038579ac0ef61e17e7"
            ],
            "version": "==1.1.1"
        },
        "more-itertools": {
            "hashes": [
                "sha256:409cd48d4db7052af495b09dec721011634af3753ae1ef92d2b32f73a745f832",
                "sha256:92b8c4b06dac4f0611c0729b2f2ede52b2e1bac1ab48f089c7ddc12e26bb60c4"
            ],
            "version": "==7.2.0"
        },
        "numpy": {
            "hashes": [
                "sha256:03f2ebcbffcce2dec8860633b89a93e80c6a239d21a77ae8b241450dc21e8c35",
                "sha256:078c8025da5ab9e8657edc9c2a1e9642e06e953bc7baa2e65c1aa9d9dfb7e98b",
                "sha256:0fbfa98c5d5c3c6489cc1e852ec94395d51f35d9ebe70c6850e47f465038cdf4",
                "sha256:1c841033f4fe6801648180c3033c45b3235a8bbd09bc7249010f99ea27bb6790",
                "sha256:2c0984a01ddd0aeec89f0ce46ef21d64761048cd76c0074d0658c91f9131f154",
                "sha256:4c166dcb0fff7cb3c0bbc682dfb5061852a2547efb6222e043a7932828c08fb5",
                "sha256:8c2d98d0623bd63fb883b65256c00454d5f53127a5a7bcdaa8bdc582814e8cb4",
                "sha256:8cb4b6ae45aad6d26712a1ce0a3f2556c5e1484867f9649e03496e45d6a5eba4",
                "sha256:93050e73c446c82065b7410221b07682e475ac51887cd9368227a5d944afae80",
                "sha256:a3f6b3024f8826d8b1490e6e2a9b99e841cd2c375791b1df62991bd8f4c00b89",
                "sha256:bede70fd8699695363f39e86c1e869b2c8b74fb5ef135a67b9e1eeebff50322a",
                "sha256:c304b2221f33489cd15a915237a84cdfe9420d7e4d4828c78a0820f9d990395c",
                "sha256:f11331530f0eff69a758d62c2461cd98cdc2eae0147279d8fc86e0464eb7e8ca",
                "sha256:fa5f2a8ef1e07ba258dc07d4dd246de23ef4ab920ae0f3fa2a1cc5e90f0f1888",
                "sha256:fb6178b0488b0ce6a54bc4accbdf5225e937383586555604155d64773f6beb2b",
                "sha256:fd5e830d4dc31658d61a6452cd3e842213594d8c15578cdae6829e36ad9c0930"
            ],
            "version": "==1.17.1"
        },
        "packaging": {
            "hashes": [
                "sha256:a7ac867b97fdc07ee80a8058fe4435ccd274ecc3b0ed61d852d7d53055528cf9",
                "sha256:c491ca87294da7cc01902edbe30a5bc6c4c28172b5138ab4e4aa1b9d7bfaeafe"
            ],
            "version": "==19.1"
        },
        "pandas": {
            "hashes": [
                "sha256:009010ac81b24a4a95a7c5cf4e977cdc8e0650d1cba4e45753e13b0fa9bd705f",
                "sha256:134d11afe9408968a5cfeb1e2b114230c0b65e31cdf0f7aee0f12cab76732182",
                "sha256:245a399013ef67c3bed30c320bde3c15f306f04e36529ef2d290982d85faf86e",
                "sha256:255c4f1b6e03fc50c8c90c26593ef1ac383e226a59626575ff303c833c9bb464",
                "sha256:32dd9e2bd0ac6590db16fc7c85f07d679a20169943b5cbe382a565f73d20c488",
                "sha256:3acd0ed9fb6e63ca6242cf64ca7835914b0c582558ae797f341fa13a8676b929",
                "sha256:6229b5937d68c7020577bc8cb73dc724f8cdb685b278518fbecb3523034f6e0d",
                "sha256:83637686b4218d2a81f209de00c58cc1f8e6f0d979592dc6bc5255b1a3b33f7a",
                "sha256:916dc824236c16162b39161eb2ce2b1085d70dee34f3b7582270145382d74fd5",
                "sha256:ab3e6c8c1b8cce2620e66b35bb93d79f8f4b887e5e18e2a911d9fef1eaee00d9",
                "sha256:b1157f2986d23ab93df178defca4a079a8897f97b5704b028983bd325536fdf6",
                "sha256:c5f5cba88bf0659554c41c909e1f78139f6fce8fa9315a29a23692b38ff9788a",
                "sha256:cf75f806d0ccaa0daa26c5a59ad48c2462a28d38e4dc99140b2809315cb1a7c0",
                "sha256:eaabe40119d5bd1c1b5662858d882a91f1726158402b531f1a9a256a35c889a7",
                "sha256:fbf77fa2651c6dfb5444b3054f0802b37c930c1a55abdd417f88fc32adb5d8fd"
            ],
            "index": "pypi",
            "version": "==0.21.1"
        },
        "parso": {
            "hashes": [
                "sha256:63854233e1fadb5da97f2744b6b24346d2750b85965e7e399bec1620232797dc",
                "sha256:666b0ee4a7a1220f65d367617f2cd3ffddff3e205f3f16a0284df30e774c2a9c"
            ],
            "version": "==0.5.1"
        },
        "pew": {
            "hashes": [
                "sha256:327c68c5de4fb724fa000ab607dc35a4202bfa36deaf05841c177117e74e1294",
                "sha256:53c375deae9185c23c344b043b9d7d33a925405f2cf4140625180c5c5eefe52b"
            ],
            "version": "==1.2.0"
        },
        "pexpect": {
            "hashes": [
                "sha256:2094eefdfcf37a1fdbfb9aa090862c1a4878e5c7e0e7e7088bdb511c558e5cd1",
                "sha256:9e2c1fd0e6ee3a49b28f95d4b33bc389c89b20af6a1255906e90ff1262ce62eb"
            ],
            "markers": "sys_platform != 'win32'",
            "version": "==4.7.0"
        },
        "pickleshare": {
            "hashes": [
                "sha256:87683d47965c1da65cdacaf31c8441d12b8044cdec9aca500cd78fc2c683afca",
                "sha256:9649af414d74d4df115d5d718f82acb59c9d418196b7b4290ed47a12ce62df56"
            ],
            "version": "==0.7.5"
        },
        "pipenv": {
            "hashes": [
                "sha256:0796cb5078b00a26b9332a87ed137efa0c21e585dbf945d5943022e9b35e1663"
            ],
            "version": "==11.0.2"
        },
        "pluggy": {
            "hashes": [
                "sha256:7f8ae7f5bdf75671a718d2daf0a64b7885f74510bcd98b1a0bb420eb9a9d0cff",
                "sha256:d345c8fe681115900d6da8d048ba67c25df42973bda370783cd58826442dcd7c",
                "sha256:e160a7fcf25762bb60efc7e171d4497ff1d8d2d75a3d0df7a21b76821ecbf5c5"
            ],
            "version": "==0.6.0"
        },
        "pockets": {
            "hashes": [
                "sha256:109eb91588e9cf722de98c98d300e1c5896e877f5704dc61176fa09686ca635b",
                "sha256:21a2405543c439ac091453ed187f558cf5294d3f85f15310f214ad4de057e0af"
            ],
            "version": "==0.7.2"
        },
        "prompt-toolkit": {
            "hashes": [
                "sha256:1e71341526efa4b11bb44d323e687a5d9cef204aabe2907e3f0dc1534cda0ecc",
                "sha256:955d81315bb7a049f19cd17d1a73f1a40861483260f7dffd825e98303a8bd6b6",
                "sha256:c1cedd626e08b8ee830ee65897de754113ff3f3035880030c08b01674d85c5b4"
            ],
            "version": "==1.0.16"
        },
        "psycopg2": {
            "hashes": [
                "sha256:027ae518d0e3b8fff41990e598bc7774c3d08a3a20e9ecc0b59fb2aaaf152f7f",
                "sha256:092a80da1b052a181b6e6c765849c9b32d46c5dac3b81bf8c9b83e697f3cdbe8",
                "sha256:0b9851e798bae024ed1a2a6377a8dab4b8a128a56ed406f572f9f06194e4b275",
                "sha256:179c52eb870110a8c1b460c86d4f696d58510ea025602cd3f81453746fccb94f",
                "sha256:19983b77ec1fc2a210092aa0333ee48811fd9fb5f194c6cd5b927ed409aea5f8",
                "sha256:1d90379d01d0dc50ae9b40c863933d87ff82d51dd7d52cea5d1cb7019afd72cd",
                "sha256:27467fd5af1dcc0a82d72927113b8f92da8f44b2efbdb8906bd76face95b596d",
                "sha256:32702e3bd8bfe12b36226ba9846ed9e22336fc4bd710039d594b36bd432ae255",
                "sha256:33f9e1032095e1436fa9ec424abcbd4c170da934fb70e391c5d78275d0307c75",
                "sha256:36030ca7f4b4519ee4f52a74edc4ec73c75abfb6ea1d80ac7480953d1c0aa3c3",
                "sha256:363fbbf4189722fc46779be1fad2597e2c40b3f577dc618f353a46391cf5d235",
                "sha256:6f302c486132f8dd11f143e919e236ea4467d53bf18c451cac577e6988ecbd05",
                "sha256:733166464598c239323142c071fa4c9b91c14359176e5ae7e202db6bcc1d2eb5",
                "sha256:7cbc3b21ce2f681ca9ad2d8c0901090b23a30c955e980ebf1006d41f37068a95",
                "sha256:888bba7841116e529f407f15c6d28fe3ef0760df8c45257442ec2f14f161c871",
                "sha256:8966829cb0d21a08a3c5ac971a2eb67c3927ae27c247300a8476554cc0ce2ae8",
                "sha256:8bf51191d60f6987482ef0cfe8511bbf4877a5aa7f313d7b488b53189cf26209",
                "sha256:8eb94c0625c529215b53c08fb4e461546e2f3fc96a49c13d5474b5ad7aeab6cf",
                "sha256:8ebba5314c609a05c6955e5773c7e0e57b8dd817e4f751f30de729be58fa5e78",
                "sha256:932a4c101af007cb3132b1f8a9ffef23386acc53dad46536dc5ba43a3235ae02",
                "sha256:ad75fe10bea19ad2188c5cb5fc4cdf53ee808d9b44578c94a3cd1e9fc2beb656",
                "sha256:aeaba399254ca79c299d9fe6aa811d3c3eac61458dee10270de7f4e71c624998",
                "sha256:b178e0923c93393e16646155794521e063ec17b7cc9f943f15b7d4b39776ea2c",
                "sha256:b68e89bb086a9476fa85298caab43f92d0a6af135a5f433d1f6b6d82cafa7b55",
                "sha256:d74cf9234ba76426add5e123449be08993a9b13ff434c6efa3a07caa305a619f",
                "sha256:f3d3a88128f0c219bdc5b2d9ccd496517199660cea021c560a3252116df91cbd",
                "sha256:fe6a7f87356116f5ea840c65b032af17deef0e1a5c34013a2962dd6f99b860dd"
            ],
            "index": "pypi",
            "version": "==2.7.4"
        },
        "ptyprocess": {
            "hashes": [
                "sha256:923f299cc5ad920c68f2bc0bc98b75b9f838b93b599941a6b63ddbc2476394c0",
                "sha256:d7cc528d76e76342423ca640335bd3633420dc1366f258cb31d05e865ef5ca1f"
            ],
            "version": "==0.6.0"
        },
        "py": {
            "hashes": [
                "sha256:64f65755aee5b381cea27766a3a147c3f15b9b6b9ac88676de66ba2ae36793fa",
                "sha256:dc639b046a6e2cff5bbe40194ad65936d6ba360b52b3c3fe1d08a82dd50b5e53"
            ],
            "version": "==1.8.0"
        },
        "pygments": {
            "hashes": [
                "sha256:71e430bc85c88a430f000ac1d9b331d2407f681d6f6aec95e8bcfbc3df5b0127",
                "sha256:881c4c157e45f30af185c1ffe8d549d48ac9127433f2c380c24b84572ad66297"
            ],
            "version": "==2.4.2"
        },
        "pymysql": {
            "hashes": [
                "sha256:04fa19fad017fdb21394fad2878c1d6bd346959d4fbfd1b66050a09fc636a321",
                "sha256:32da4a66397077d42908e449688f2ec71c2b18892a6cd04f03ab2aa828a70f40"
            ],
            "index": "pypi",
            "version": "==0.8.0"
        },
        "pyparsing": {
            "hashes": [
                "sha256:6f98a7b9397e206d78cc01df10131398f1c8b8510a2f4d97d9abd82e1aacdd80",
                "sha256:d9338df12903bbf5d65a0e4e87c2161968b10d2e489652bb47001d82a9b028b4"
            ],
            "version": "==2.4.2"
        },
        "pytest": {
            "hashes": [
                "sha256:54713b26c97538db6ff0703a12b19aeaeb60b5e599de542e7fca0ec83b9038e8",
                "sha256:829230122facf05a5f81a6d4dfe6454a04978ea3746853b2b84567ecf8e5c526"
            ],
            "index": "pypi",
            "version": "==3.5.1"
        },
        "pytest-cov": {
            "hashes": [
                "sha256:03aa752cf11db41d281ea1d807d954c4eda35cfa1b21d6971966cc041bbf6e2d",
                "sha256:890fe5565400902b0c78b5357004aab1c814115894f4f21370e2433256a3eeec"
            ],
            "index": "pypi",
            "version": "==2.5.1"
        },
        "python-dateutil": {
            "hashes": [
                "sha256:7e6584c74aeed623791615e26efd690f29817a27c73085b78e4bad02493df2fb",
                "sha256:c89805f6f4d64db21ed966fda138f8a5ed7a4fdbc1a8ee329ce1b74e3c74da9e"
            ],
            "version": "==2.8.0"
        },
        "pytz": {
            "hashes": [
                "sha256:65ae0c8101309c45772196b21b74c46b2e5d11b6275c45d251b150d5da334555",
                "sha256:c06425302f2cf668f1bba7a0a03f3c1d34d4ebeef2c72003da308b3947c7f749"
            ],
            "index": "pypi",
            "version": "==2018.4"
        },
        "qifparse": {
            "hashes": [
                "sha256:550423ac8a4714eccbb11ad53d3ccb6d99ee974813816dc5373837b75bf289ad"
            ],
            "index": "pypi",
            "version": "==0.5"
        },
        "requests": {
            "hashes": [
                "sha256:99dcfdaaeb17caf6e526f32b6a7b780461512ab3f1d992187801694cba42770c",
                "sha256:a84b8c9ab6239b578f22d1c21d51b696dcfe004032bb80ea832398d6909d7279"
            ],
            "index": "pypi",
            "version": "==2.20.0"
        },
        "simplegeneric": {
            "hashes": [
                "sha256:dc972e06094b9af5b855b3df4a646395e43d1c9d0d39ed345b7393560d0b9173"
            ],
            "version": "==0.8.1"
        },
        "six": {
            "hashes": [
                "sha256:3350809f0555b11f552448330d0b52d5f24c91a322ea4a15ef22629740f3761c",
                "sha256:d16a0141ec1a18405cd4ce8b4613101da75da0e9a7aec5bdd4fa804d0e0eba73"
            ],
            "version": "==1.12.0"
        },
        "snowballstemmer": {
            "hashes": [
                "sha256:9f3b9ffe0809d174f7047e121431acf99c89a7040f0ca84f94ba53a498e6d0c9"
            ],
            "version": "==1.9.0"
        },
        "sphinx": {
            "hashes": [
                "sha256:2e7ad92e96eff1b2006cf9f0cdb2743dacbae63755458594e9e8238b0c3dc60b",
                "sha256:e9b1a75a3eae05dded19c80eb17325be675e0698975baae976df603b6ed1eb10"
            ],
            "index": "pypi",
            "version": "==1.7.4"
        },
        "sphinx-rtd-theme": {
            "hashes": [
                "sha256:220dbf14814001c6475f0c6c25ac4129a18fb5e3681251a7c6ffb1646da5cc30",
                "sha256:665135dfbdf8f1d218442458a18cf266444354b8c98eed93d1543f7e701cfdba"
            ],
            "index": "pypi",
            "version": "==0.3.0"
        },
        "sphinxcontrib-napoleon": {
            "hashes": [
                "sha256:614b779888629f14dfdfad6c17bffbb6d3813a0a0917a9541651d85384d4d6bd",
                "sha256:cbb31953b15d2102c18f16f02591f92e2614a08ef0218c9e514e2dc4c4f9daf9"
            ],
            "index": "pypi",
            "version": "==0.6.1"
        },
        "sphinxcontrib-programoutput": {
            "hashes": [
                "sha256:bd47ff0e1cddec82e1d4501f6f0fa3f77481765fcc7c58ec685ef05b44386c40",
                "sha256:cbec3ee1c3abd09e105115ab69cb5ade8ca1be9811565a844f973e93e0314837"
            ],
            "index": "pypi",
            "version": "==0.11"
        },
        "sphinxcontrib-websupport": {
            "hashes": [
                "sha256:1501befb0fdf1d1c29a800fdbf4ef5dc5369377300ddbdd16d2cd40e54c6eefc",
                "sha256:e02f717baf02d0b6c3dd62cf81232ffca4c9d5c331e03766982e3ff9f1d2bc3f"
            ],
            "version": "==1.1.2"
        },
        "tox": {
            "hashes": [
                "sha256:752f5ec561c6c08c5ecb167d3b20f4f4ffc158c0ab78855701a75f5cef05f4b8",
                "sha256:8af30fd835a11f3ff8e95176ccba5a4e60779df4d96a9dfefa1a1704af263225"
            ],
            "index": "pypi",
            "version": "==2.9.1"
        },
        "tox-pipenv": {
            "hashes": [
                "sha256:5d4995838a9c5d679b88e7560e46bada7e96747c3e21111d46569e64b8fd22b5",
                "sha256:e80d717986d17eedbe69363d7a4e65d4c4bb7ad2d269d4b79eb95cdfbec05a27"
            ],
            "index": "pypi",
            "version": "==1.4.1"
        },
        "traitlets": {
            "hashes": [
                "sha256:9c4bd2d267b7153df9152698efb1050a5d84982d3384a37b2c1f7723ba3e7835",
                "sha256:c6cb5e6f57c5a9bdaa40fa71ce7b4af30298fbab9ece9815b5d995ab6217c7d9"
            ],
            "version": "==4.3.2"
        },
        "urllib3": {
            "hashes": [
                "sha256:2393a695cd12afedd0dcb26fe5d50d0cf248e5a66f75dbd89a3d4eb333a61af4",
                "sha256:a637e5fae88995b256e3409dc4d52c2e2e0ba32c42a6365fee8bbd2238de3cfb"
            ],
            "version": "==1.24.3"
        },
        "virtualenv": {
            "hashes": [
                "sha256:94a6898293d07f84a98add34c4df900f8ec64a570292279f6d91c781d37fd305",
                "sha256:f6fc312c031f2d2344f885de114f1cb029dfcffd26aa6e57d2ee2296935c4e7d"
            ],
            "markers": "python_version != '3.2'",
            "version": "==16.7.4"
        },
        "virtualenv-clone": {
            "hashes": [
                "sha256:532f789a5c88adf339506e3ca03326f20ee82fd08ee5586b44dc859b5b4468c5",
                "sha256:c88ae171a11b087ea2513f260cdac9232461d8e9369bcd1dc143fc399d220557"
            ],
            "version": "==0.5.3"
        },
        "wcwidth": {
            "hashes": [
                "sha256:3df37372226d6e63e1b1e1eda15c594bca98a22d33a23832a90998faa96bc65e",
                "sha256:f4ebe71925af7b40a864553f761ed559b43544f8f71746c2d756c7fe788ade7c"
            ],
            "version": "==0.1.7"
        }
    }
}
